PODS:
  - Alamofire (4.7.3)
  - AlamofireObjectMapper (5.1.0):
    - Alamofire (~> 4.1)
    - ObjectMapper (~> 3.3)
  - DropDown (2.3.2)
  - ObjectMapper (3.3.0)

DEPENDENCIES:
  - Alamofire
  - AlamofireObjectMapper
  - DropDown
  - ObjectMapper

SPEC REPOS:
  https://github.com/CocoaPods/Specs.git:
    - Alamofire
    - AlamofireObjectMapper
    - DropDown
    - ObjectMapper

SPEC CHECKSUMS:
  Alamofire: c7287b6e5d7da964a70935e5db17046b7fde6568
  AlamofireObjectMapper: 3395e698901d8b0e6f48b7d0c43bd47875325102
  DropDown: 7f87abecc28f9b4edad810fe1211c5c018c257e5
  ObjectMapper: b612bf8c8e99c4dc0bb6013a51f7c27966ed5da9

PODFILE CHECKSUM: 42a7b033423f4ab3d836ab4e5d0a46e497525053

COCOAPODS: 1.5.0
