// !$*UTF8*$!
{
	archiveVersion = 1;
	classes = {
	};
	objectVersion = 50;
	objects = {

/* Begin PBXBuildFile section */
		0F051AEE2141A23B004A8986 /* UserCell.swift in Sources */ = {isa = PBXBuildFile; fileRef = 0F051AEC2141A23B004A8986 /* UserCell.swift */; };
		0F051AEF2141A23B004A8986 /* UserCell.xib in Resources */ = {isa = PBXBuildFile; fileRef = 0F051AED2141A23B004A8986 /* UserCell.xib */; };
		0F23A73B213EADE5005FC997 /* AppDelegate.swift in Sources */ = {isa = PBXBuildFile; fileRef = 0F23A73A213EADE5005FC997 /* AppDelegate.swift */; };
		0F23A740213EADE5005FC997 /* Main.storyboard in Resources */ = {isa = PBXBuildFile; fileRef = 0F23A73E213EADE5005FC997 /* Main.storyboard */; };
		0F23A742213EADE7005FC997 /* Assets.xcassets in Resources */ = {isa = PBXBuildFile; fileRef = 0F23A741213EADE7005FC997 /* Assets.xcassets */; };
		0F23A745213EADE7005FC997 /* LaunchScreen.storyboard in Resources */ = {isa = PBXBuildFile; fileRef = 0F23A743213EADE7005FC997 /* LaunchScreen.storyboard */; };
		0F5DAE54213ECEC200320BB9 /* UpdateProfileVC.swift in Sources */ = {isa = PBXBuildFile; fileRef = 0F5DAE53213ECEC200320BB9 /* UpdateProfileVC.swift */; };
		0F5DAE57213ECFD400320BB9 /* UpdateProfile.storyboard in Resources */ = {isa = PBXBuildFile; fileRef = 0F5DAE56213ECFD400320BB9 /* UpdateProfile.storyboard */; };
		0F5DAE59213ED33700320BB9 /* DetailGameVC.swift in Sources */ = {isa = PBXBuildFile; fileRef = 0F5DAE58213ED33700320BB9 /* DetailGameVC.swift */; };
		0F5DAE5C213ED36400320BB9 /* DetailGame.storyboard in Resources */ = {isa = PBXBuildFile; fileRef = 0F5DAE5B213ED36400320BB9 /* DetailGame.storyboard */; };
		0F5DAE5E213FDCED00320BB9 /* SessionManager.swift in Sources */ = {isa = PBXBuildFile; fileRef = 0F5DAE5D213FDCED00320BB9 /* SessionManager.swift */; };
		0F5DAE60213FDF0E00320BB9 /* User.swift in Sources */ = {isa = PBXBuildFile; fileRef = 0F5DAE5F213FDF0E00320BB9 /* User.swift */; };
		0F5DAE63213FDFF300320BB9 /* Game.swift in Sources */ = {isa = PBXBuildFile; fileRef = 0F5DAE62213FDFF300320BB9 /* Game.swift */; };
		0F5DAE65213FE1B300320BB9 /* Comment.swift in Sources */ = {isa = PBXBuildFile; fileRef = 0F5DAE64213FE1B300320BB9 /* Comment.swift */; };
		0F5DAE692140013D00320BB9 /* GameCell.swift in Sources */ = {isa = PBXBuildFile; fileRef = 0F5DAE682140013D00320BB9 /* GameCell.swift */; };
		0F5DAE6B2140017B00320BB9 /* GameCell.xib in Resources */ = {isa = PBXBuildFile; fileRef = 0F5DAE6A2140017B00320BB9 /* GameCell.xib */; };
		0F5DAE6E2140264400320BB9 /* ListUserVC.swift in Sources */ = {isa = PBXBuildFile; fileRef = 0F5DAE6D2140264400320BB9 /* ListUserVC.swift */; };
		0F9BD99E214154DA008AD281 /* AllCommentsVC.swift in Sources */ = {isa = PBXBuildFile; fileRef = 0F9BD99D214154DA008AD281 /* AllCommentsVC.swift */; };
		0F9BD9A1214155B8008AD281 /* CommentCell.swift in Sources */ = {isa = PBXBuildFile; fileRef = 0F9BD99F214155B8008AD281 /* CommentCell.swift */; };
		0F9BD9A2214155B8008AD281 /* CommentCell.xib in Resources */ = {isa = PBXBuildFile; fileRef = 0F9BD9A0214155B8008AD281 /* CommentCell.xib */; };
		0FAF7221213EB1970029E238 /* DefaultVC.swift in Sources */ = {isa = PBXBuildFile; fileRef = 0FAF7220213EB1970029E238 /* DefaultVC.swift */; };
		0FAF7223213EB1AF0029E238 /* LoginVC.swift in Sources */ = {isa = PBXBuildFile; fileRef = 0FAF7222213EB1AF0029E238 /* LoginVC.swift */; };
		0FAF7226213EB3740029E238 /* CreateAccountVC.swift in Sources */ = {isa = PBXBuildFile; fileRef = 0FAF7225213EB3740029E238 /* CreateAccountVC.swift */; };
		0FAF722A213EBCDD0029E238 /* HomeVC.swift in Sources */ = {isa = PBXBuildFile; fileRef = 0FAF7229213EBCDD0029E238 /* HomeVC.swift */; };
		0FAF722F213EBD100029E238 /* Home.storyboard in Resources */ = {isa = PBXBuildFile; fileRef = 0FAF722E213EBD100029E238 /* Home.storyboard */; };
		0FAF7231213EBE430029E238 /* ProfileVC.swift in Sources */ = {isa = PBXBuildFile; fileRef = 0FAF7230213EBE430029E238 /* ProfileVC.swift */; };
		0FAF7233213EBFB60029E238 /* SearchVC.swift in Sources */ = {isa = PBXBuildFile; fileRef = 0FAF7232213EBFB60029E238 /* SearchVC.swift */; };
		FCE49A751172F3E31F6D1466 /* Pods_projectDataService.framework in Frameworks */ = {isa = PBXBuildFile; fileRef = FDAD283BADE84F5BF1155C10 /* Pods_projectDataService.framework */; };
/* End PBXBuildFile section */

/* Begin PBXFileReference section */
		0F051AEC2141A23B004A8986 /* UserCell.swift */ = {isa = PBXFileReference; lastKnownFileType = sourcecode.swift; path = UserCell.swift; sourceTree = "<group>"; };
		0F051AED2141A23B004A8986 /* UserCell.xib */ = {isa = PBXFileReference; lastKnownFileType = file.xib; path = UserCell.xib; sourceTree = "<group>"; };
		0F23A737213EADE5005FC997 /* projectDataService.app */ = {isa = PBXFileReference; explicitFileType = wrapper.application; includeInIndex = 0; path = projectDataService.app; sourceTree = BUILT_PRODUCTS_DIR; };
		0F23A73A213EADE5005FC997 /* AppDelegate.swift */ = {isa = PBXFileReference; lastKnownFileType = sourcecode.swift; path = AppDelegate.swift; sourceTree = "<group>"; };
		0F23A73F213EADE5005FC997 /* Base */ = {isa = PBXFileReference; lastKnownFileType = file.storyboard; name = Base; path = Base.lproj/Main.storyboard; sourceTree = "<group>"; };
		0F23A741213EADE7005FC997 /* Assets.xcassets */ = {isa = PBXFileReference; lastKnownFileType = folder.assetcatalog; path = Assets.xcassets; sourceTree = "<group>"; };
		0F23A744213EADE7005FC997 /* Base */ = {isa = PBXFileReference; lastKnownFileType = file.storyboard; name = Base; path = Base.lproj/LaunchScreen.storyboard; sourceTree = "<group>"; };
		0F23A746213EADE7005FC997 /* Info.plist */ = {isa = PBXFileReference; lastKnownFileType = text.plist.xml; path = Info.plist; sourceTree = "<group>"; };
		0F5DAE53213ECEC200320BB9 /* UpdateProfileVC.swift */ = {isa = PBXFileReference; lastKnownFileType = sourcecode.swift; path = UpdateProfileVC.swift; sourceTree = "<group>"; };
		0F5DAE56213ECFD400320BB9 /* UpdateProfile.storyboard */ = {isa = PBXFileReference; lastKnownFileType = file.storyboard; path = UpdateProfile.storyboard; sourceTree = "<group>"; };
		0F5DAE58213ED33700320BB9 /* DetailGameVC.swift */ = {isa = PBXFileReference; lastKnownFileType = sourcecode.swift; path = DetailGameVC.swift; sourceTree = "<group>"; };
		0F5DAE5B213ED36400320BB9 /* DetailGame.storyboard */ = {isa = PBXFileReference; lastKnownFileType = file.storyboard; path = DetailGame.storyboard; sourceTree = "<group>"; };
		0F5DAE5D213FDCED00320BB9 /* SessionManager.swift */ = {isa = PBXFileReference; lastKnownFileType = sourcecode.swift; path = SessionManager.swift; sourceTree = "<group>"; };
		0F5DAE5F213FDF0E00320BB9 /* User.swift */ = {isa = PBXFileReference; lastKnownFileType = sourcecode.swift; path = User.swift; sourceTree = "<group>"; };
		0F5DAE62213FDFF300320BB9 /* Game.swift */ = {isa = PBXFileReference; lastKnownFileType = sourcecode.swift; path = Game.swift; sourceTree = "<group>"; };
		0F5DAE64213FE1B300320BB9 /* Comment.swift */ = {isa = PBXFileReference; lastKnownFileType = sourcecode.swift; path = Comment.swift; sourceTree = "<group>"; };
		0F5DAE682140013D00320BB9 /* GameCell.swift */ = {isa = PBXFileReference; lastKnownFileType = sourcecode.swift; path = GameCell.swift; sourceTree = "<group>"; };
		0F5DAE6A2140017B00320BB9 /* GameCell.xib */ = {isa = PBXFileReference; lastKnownFileType = file.xib; path = GameCell.xib; sourceTree = "<group>"; };
		0F5DAE6D2140264400320BB9 /* ListUserVC.swift */ = {isa = PBXFileReference; lastKnownFileType = sourcecode.swift; path = ListUserVC.swift; sourceTree = "<group>"; };
		0F9BD99D214154DA008AD281 /* AllCommentsVC.swift */ = {isa = PBXFileReference; lastKnownFileType = sourcecode.swift; path = AllCommentsVC.swift; sourceTree = "<group>"; };
		0F9BD99F214155B8008AD281 /* CommentCell.swift */ = {isa = PBXFileReference; lastKnownFileType = sourcecode.swift; path = CommentCell.swift; sourceTree = "<group>"; };
		0F9BD9A0214155B8008AD281 /* CommentCell.xib */ = {isa = PBXFileReference; lastKnownFileType = file.xib; path = CommentCell.xib; sourceTree = "<group>"; };
		0FAF7220213EB1970029E238 /* DefaultVC.swift */ = {isa = PBXFileReference; lastKnownFileType = sourcecode.swift; path = DefaultVC.swift; sourceTree = "<group>"; };
		0FAF7222213EB1AF0029E238 /* LoginVC.swift */ = {isa = PBXFileReference; lastKnownFileType = sourcecode.swift; path = LoginVC.swift; sourceTree = "<group>"; };
		0FAF7225213EB3740029E238 /* CreateAccountVC.swift */ = {isa = PBXFileReference; lastKnownFileType = sourcecode.swift; path = CreateAccountVC.swift; sourceTree = "<group>"; };
		0FAF7229213EBCDD0029E238 /* HomeVC.swift */ = {isa = PBXFileReference; lastKnownFileType = sourcecode.swift; path = HomeVC.swift; sourceTree = "<group>"; };
		0FAF722E213EBD100029E238 /* Home.storyboard */ = {isa = PBXFileReference; lastKnownFileType = file.storyboard; path = Home.storyboard; sourceTree = "<group>"; };
		0FAF7230213EBE430029E238 /* ProfileVC.swift */ = {isa = PBXFileReference; lastKnownFileType = sourcecode.swift; path = ProfileVC.swift; sourceTree = "<group>"; };
		0FAF7232213EBFB60029E238 /* SearchVC.swift */ = {isa = PBXFileReference; lastKnownFileType = sourcecode.swift; path = SearchVC.swift; sourceTree = "<group>"; };
		40C9FE0A2AD9016C3FE1937A /* Pods-projectDataService.release.xcconfig */ = {isa = PBXFileReference; includeInIndex = 1; lastKnownFileType = text.xcconfig; name = "Pods-projectDataService.release.xcconfig"; path = "Pods/Target Support Files/Pods-projectDataService/Pods-projectDataService.release.xcconfig"; sourceTree = "<group>"; };
		E9B449999914F31BE55672E9 /* Pods-projectDataService.debug.xcconfig */ = {isa = PBXFileReference; includeInIndex = 1; lastKnownFileType = text.xcconfig; name = "Pods-projectDataService.debug.xcconfig"; path = "Pods/Target Support Files/Pods-projectDataService/Pods-projectDataService.debug.xcconfig"; sourceTree = "<group>"; };
		FDAD283BADE84F5BF1155C10 /* Pods_projectDataService.framework */ = {isa = PBXFileReference; explicitFileType = wrapper.framework; includeInIndex = 0; path = Pods_projectDataService.framework; sourceTree = BUILT_PRODUCTS_DIR; };
/* End PBXFileReference section */

/* Begin PBXFrameworksBuildPhase section */
		0F23A734213EADE5005FC997 /* Frameworks */ = {
			isa = PBXFrameworksBuildPhase;
			buildActionMask = 2147483647;
			files = (
				FCE49A751172F3E31F6D1466 /* Pods_projectDataService.framework in Frameworks */,
			);
			runOnlyForDeploymentPostprocessing = 0;
		};
/* End PBXFrameworksBuildPhase section */

/* Begin PBXGroup section */
		0F051AF02141A240004A8986 /* UserCell */ = {
			isa = PBXGroup;
			children = (
				0F051AEC2141A23B004A8986 /* UserCell.swift */,
				0F051AED2141A23B004A8986 /* UserCell.xib */,
			);
			path = UserCell;
			sourceTree = "<group>";
		};
		0F23A72E213EADE5005FC997 = {
			isa = PBXGroup;
			children = (
				0F23A739213EADE5005FC997 /* projectDataService */,
				0F23A738213EADE5005FC997 /* Products */,
				9A8D02EB46ECCCCFF3017477 /* Pods */,
				A9DDB55DEE536C36517AB5B8 /* Frameworks */,
			);
			sourceTree = "<group>";
		};
		0F23A738213EADE5005FC997 /* Products */ = {
			isa = PBXGroup;
			children = (
				0F23A737213EADE5005FC997 /* projectDataService.app */,
			);
			name = Products;
			sourceTree = "<group>";
		};
		0F23A739213EADE5005FC997 /* projectDataService */ = {
			isa = PBXGroup;
			children = (
				0F9BD99C21411C55008AD281 /* Common */,
				0F5DAE61213FDF1300320BB9 /* Model */,
				0FAF7224213EB1B90029E238 /* Login */,
				0FAF722B213EBCE00029E238 /* Home */,
				0F5DAE55213ECEC700320BB9 /* UpdateProfile */,
				0F5DAE5A213ED33F00320BB9 /* DetailGame */,
				0F23A741213EADE7005FC997 /* Assets.xcassets */,
				0F23A743213EADE7005FC997 /* LaunchScreen.storyboard */,
				0F23A746213EADE7005FC997 /* Info.plist */,
				0F23A73A213EADE5005FC997 /* AppDelegate.swift */,
			);
			path = projectDataService;
			sourceTree = "<group>";
		};
		0F5DAE55213ECEC700320BB9 /* UpdateProfile */ = {
			isa = PBXGroup;
			children = (
				0F5DAE53213ECEC200320BB9 /* UpdateProfileVC.swift */,
				0F5DAE56213ECFD400320BB9 /* UpdateProfile.storyboard */,
			);
			path = UpdateProfile;
			sourceTree = "<group>";
		};
		0F5DAE5A213ED33F00320BB9 /* DetailGame */ = {
			isa = PBXGroup;
			children = (
				0F5DAE58213ED33700320BB9 /* DetailGameVC.swift */,
				0F5DAE6D2140264400320BB9 /* ListUserVC.swift */,
				0F5DAE5B213ED36400320BB9 /* DetailGame.storyboard */,
			);
			path = DetailGame;
			sourceTree = "<group>";
		};
		0F5DAE61213FDF1300320BB9 /* Model */ = {
			isa = PBXGroup;
			children = (
				0F5DAE5F213FDF0E00320BB9 /* User.swift */,
				0F5DAE62213FDFF300320BB9 /* Game.swift */,
				0F5DAE64213FE1B300320BB9 /* Comment.swift */,
			);
			path = Model;
			sourceTree = "<group>";
		};
		0F5DAE6C2140017F00320BB9 /* GameCell */ = {
			isa = PBXGroup;
			children = (
				0F5DAE682140013D00320BB9 /* GameCell.swift */,
				0F5DAE6A2140017B00320BB9 /* GameCell.xib */,
			);
			path = GameCell;
			sourceTree = "<group>";
		};
		0F9BD99C21411C55008AD281 /* Common */ = {
			isa = PBXGroup;
			children = (
				0F5DAE6C2140017F00320BB9 /* GameCell */,
				0F9BD9A3214155BC008AD281 /* CommentCell */,
				0F051AF02141A240004A8986 /* UserCell */,
				0FAF7220213EB1970029E238 /* DefaultVC.swift */,
				0F5DAE5D213FDCED00320BB9 /* SessionManager.swift */,
			);
			path = Common;
			sourceTree = "<group>";
		};
		0F9BD9A3214155BC008AD281 /* CommentCell */ = {
			isa = PBXGroup;
			children = (
				0F9BD99F214155B8008AD281 /* CommentCell.swift */,
				0F9BD9A0214155B8008AD281 /* CommentCell.xib */,
			);
			path = CommentCell;
			sourceTree = "<group>";
		};
		0FAF7224213EB1B90029E238 /* Login */ = {
			isa = PBXGroup;
			children = (
				0F23A73E213EADE5005FC997 /* Main.storyboard */,
				0FAF7222213EB1AF0029E238 /* LoginVC.swift */,
				0FAF7225213EB3740029E238 /* CreateAccountVC.swift */,
			);
			path = Login;
			sourceTree = "<group>";
		};
		0FAF722B213EBCE00029E238 /* Home */ = {
			isa = PBXGroup;
			children = (
				0FAF7229213EBCDD0029E238 /* HomeVC.swift */,
				0FAF722E213EBD100029E238 /* Home.storyboard */,
				0FAF7230213EBE430029E238 /* ProfileVC.swift */,
				0FAF7232213EBFB60029E238 /* SearchVC.swift */,
				0F9BD99D214154DA008AD281 /* AllCommentsVC.swift */,
			);
			path = Home;
			sourceTree = "<group>";
		};
		9A8D02EB46ECCCCFF3017477 /* Pods */ = {
			isa = PBXGroup;
			children = (
				E9B449999914F31BE55672E9 /* Pods-projectDataService.debug.xcconfig */,
				40C9FE0A2AD9016C3FE1937A /* Pods-projectDataService.release.xcconfig */,
			);
			name = Pods;
			sourceTree = "<group>";
		};
		A9DDB55DEE536C36517AB5B8 /* Frameworks */ = {
			isa = PBXGroup;
			children = (
				FDAD283BADE84F5BF1155C10 /* Pods_projectDataService.framework */,
			);
			name = Frameworks;
			sourceTree = "<group>";
		};
/* End PBXGroup section */

/* Begin PBXNativeTarget section */
		0F23A736213EADE5005FC997 /* projectDataService */ = {
			isa = PBXNativeTarget;
			buildConfigurationList = 0F23A749213EADE7005FC997 /* Build configuration list for PBXNativeTarget "projectDataService" */;
			buildPhases = (
				0C9E30EEC7C4160CD122228F /* [CP] Check Pods Manifest.lock */,
				0F23A733213EADE5005FC997 /* Sources */,
				0F23A734213EADE5005FC997 /* Frameworks */,
				0F23A735213EADE5005FC997 /* Resources */,
				202A5FAA53C4DC3ED76D9224 /* [CP] Embed Pods Frameworks */,
			);
			buildRules = (
			);
			dependencies = (
			);
			name = projectDataService;
			productName = projectDataService;
			productReference = 0F23A737213EADE5005FC997 /* projectDataService.app */;
			productType = "com.apple.product-type.application";
		};
/* End PBXNativeTarget section */

/* Begin PBXProject section */
		0F23A72F213EADE5005FC997 /* Project object */ = {
			isa = PBXProject;
			attributes = {
				LastSwiftUpdateCheck = 0940;
				LastUpgradeCheck = 0940;
				ORGANIZATIONNAME = AlkRox;
				TargetAttributes = {
					0F23A736213EADE5005FC997 = {
						CreatedOnToolsVersion = 9.4.1;
					};
				};
			};
			buildConfigurationList = 0F23A732213EADE5005FC997 /* Build configuration list for PBXProject "projectDataService" */;
			compatibilityVersion = "Xcode 9.3";
			developmentRegion = en;
			hasScannedForEncodings = 0;
			knownRegions = (
				en,
				Base,
			);
			mainGroup = 0F23A72E213EADE5005FC997;
			productRefGroup = 0F23A738213EADE5005FC997 /* Products */;
			projectDirPath = "";
			projectRoot = "";
			targets = (
				0F23A736213EADE5005FC997 /* projectDataService */,
			);
		};
/* End PBXProject section */

/* Begin PBXResourcesBuildPhase section */
		0F23A735213EADE5005FC997 /* Resources */ = {
			isa = PBXResourcesBuildPhase;
			buildActionMask = 2147483647;
			files = (
				0F23A745213EADE7005FC997 /* LaunchScreen.storyboard in Resources */,
				0F23A742213EADE7005FC997 /* Assets.xcassets in Resources */,
				0F23A740213EADE5005FC997 /* Main.storyboard in Resources */,
				0F9BD9A2214155B8008AD281 /* CommentCell.xib in Resources */,
				0F5DAE6B2140017B00320BB9 /* GameCell.xib in Resources */,
				0F051AEF2141A23B004A8986 /* UserCell.xib in Resources */,
				0FAF722F213EBD100029E238 /* Home.storyboard in Resources */,
				0F5DAE57213ECFD400320BB9 /* UpdateProfile.storyboard in Resources */,
				0F5DAE5C213ED36400320BB9 /* DetailGame.storyboard in Resources */,
			);
			runOnlyForDeploymentPostprocessing = 0;
		};
/* End PBXResourcesBuildPhase section */

/* Begin PBXShellScriptBuildPhase section */
		0C9E30EEC7C4160CD122228F /* [CP] Check Pods Manifest.lock */ = {
			isa = PBXShellScriptBuildPhase;
			buildActionMask = 2147483647;
			files = (
			);
			inputPaths = (
				"${PODS_PODFILE_DIR_PATH}/Podfile.lock",
				"${PODS_ROOT}/Manifest.lock",
			);
			name = "[CP] Check Pods Manifest.lock";
			outputPaths = (
				"$(DERIVED_FILE_DIR)/Pods-projectDataService-checkManifestLockResult.txt",
			);
			runOnlyForDeploymentPostprocessing = 0;
			shellPath = /bin/sh;
			shellScript = "diff \"${PODS_PODFILE_DIR_PATH}/Podfile.lock\" \"${PODS_ROOT}/Manifest.lock\" > /dev/null\nif [ $? != 0 ] ; then\n    # print error to STDERR\n    echo \"error: The sandbox is not in sync with the Podfile.lock. Run 'pod install' or update your CocoaPods installation.\" >&2\n    exit 1\nfi\n# This output is used by Xcode 'outputs' to avoid re-running this script phase.\necho \"SUCCESS\" > \"${SCRIPT_OUTPUT_FILE_0}\"\n";
			showEnvVarsInLog = 0;
		};
		202A5FAA53C4DC3ED76D9224 /* [CP] Embed Pods Frameworks */ = {
			isa = PBXShellScriptBuildPhase;
			buildActionMask = 2147483647;
			files = (
			);
			inputPaths = (
				"${SRCROOT}/Pods/Target Support Files/Pods-projectDataService/Pods-projectDataService-frameworks.sh",
				"${BUILT_PRODUCTS_DIR}/Alamofire/Alamofire.framework",
				"${BUILT_PRODUCTS_DIR}/AlamofireObjectMapper/AlamofireObjectMapper.framework",
				"${BUILT_PRODUCTS_DIR}/DropDown/DropDown.framework",
				"${BUILT_PRODUCTS_DIR}/ObjectMapper/ObjectMapper.framework",
			);
			name = "[CP] Embed Pods Frameworks";
			outputPaths = (
				"${TARGET_BUILD_DIR}/${FRAMEWORKS_FOLDER_PATH}/Alamofire.framework",
				"${TARGET_BUILD_DIR}/${FRAMEWORKS_FOLDER_PATH}/AlamofireObjectMapper.framework",
				"${TARGET_BUILD_DIR}/${FRAMEWORKS_FOLDER_PATH}/DropDown.framework",
				"${TARGET_BUILD_DIR}/${FRAMEWORKS_FOLDER_PATH}/ObjectMapper.framework",
			);
			runOnlyForDeploymentPostprocessing = 0;
			shellPath = /bin/sh;
			shellScript = "\"${SRCROOT}/Pods/Target Support Files/Pods-projectDataService/Pods-projectDataService-frameworks.sh\"\n";
			showEnvVarsInLog = 0;
		};
/* End PBXShellScriptBuildPhase section */

/* Begin PBXSourcesBuildPhase section */
		0F23A733213EADE5005FC997 /* Sources */ = {
			isa = PBXSourcesBuildPhase;
			buildActionMask = 2147483647;
			files = (
				0FAF7231213EBE430029E238 /* ProfileVC.swift in Sources */,
				0FAF7221213EB1970029E238 /* DefaultVC.swift in Sources */,
				0FAF722A213EBCDD0029E238 /* HomeVC.swift in Sources */,
				0FAF7223213EB1AF0029E238 /* LoginVC.swift in Sources */,
				0FAF7226213EB3740029E238 /* CreateAccountVC.swift in Sources */,
				0F5DAE54213ECEC200320BB9 /* UpdateProfileVC.swift in Sources */,
				0F9BD99E214154DA008AD281 /* AllCommentsVC.swift in Sources */,
				0F23A73B213EADE5005FC997 /* AppDelegate.swift in Sources */,
				0F5DAE63213FDFF300320BB9 /* Game.swift in Sources */,
				0F9BD9A1214155B8008AD281 /* CommentCell.swift in Sources */,
				0F5DAE65213FE1B300320BB9 /* Comment.swift in Sources */,
				0FAF7233213EBFB60029E238 /* SearchVC.swift in Sources */,
				0F5DAE5E213FDCED00320BB9 /* SessionManager.swift in Sources */,
				0F5DAE59213ED33700320BB9 /* DetailGameVC.swift in Sources */,
				0F051AEE2141A23B004A8986 /* UserCell.swift in Sources */,
				0F5DAE6E2140264400320BB9 /* ListUserVC.swift in Sources */,
				0F5DAE60213FDF0E00320BB9 /* User.swift in Sources */,
				0F5DAE692140013D00320BB9 /* GameCell.swift in Sources */,
			);
			runOnlyForDeploymentPostprocessing = 0;
		};
/* End PBXSourcesBuildPhase section */

/* Begin PBXVariantGroup section */
		0F23A73E213EADE5005FC997 /* Main.storyboard */ = {
			isa = PBXVariantGroup;
			children = (
				0F23A73F213EADE5005FC997 /* Base */,
			);
			name = Main.storyboard;
			sourceTree = "<group>";
		};
		0F23A743213EADE7005FC997 /* LaunchScreen.storyboard */ = {
			isa = PBXVariantGroup;
			children = (
				0F23A744213EADE7005FC997 /* Base */,
			);
			name = LaunchScreen.storyboard;
			sourceTree = "<group>";
		};
/* End PBXVariantGroup section */

/* Begin XCBuildConfiguration section */
		0F23A747213EADE7005FC997 /* Debug */ = {
			isa = XCBuildConfiguration;
			buildSettings = {
				ALWAYS_SEARCH_USER_PATHS = NO;
				CLANG_ANALYZER_NONNULL = YES;
				CLANG_ANALYZER_NUMBER_OBJECT_CONVERSION = YES_AGGRESSIVE;
				CLANG_CXX_LANGUAGE_STANDARD = "gnu++14";
				CLANG_CXX_LIBRARY = "libc++";
				CLANG_ENABLE_MODULES = YES;
				CLANG_ENABLE_OBJC_ARC = YES;
				CLANG_ENABLE_OBJC_WEAK = YES;
				CLANG_WARN_BLOCK_CAPTURE_AUTORELEASING = YES;
				CLANG_WARN_BOOL_CONVERSION = YES;
				CLANG_WARN_COMMA = YES;
				CLANG_WARN_CONSTANT_CONVERSION = YES;
				CLANG_WARN_DEPRECATED_OBJC_IMPLEMENTATIONS = YES;
				CLANG_WARN_DIRECT_OBJC_ISA_USAGE = YES_ERROR;
				CLANG_WARN_DOCUMENTATION_COMMENTS = YES;
				CLANG_WARN_EMPTY_BODY = YES;
				CLANG_WARN_ENUM_CONVERSION = YES;
				CLANG_WARN_INFINITE_RECURSION = YES;
				CLANG_WARN_INT_CONVERSION = YES;
				CLANG_WARN_NON_LITERAL_NULL_CONVERSION = YES;
				CLANG_WARN_OBJC_IMPLICIT_RETAIN_SELF = YES;
				CLANG_WARN_OBJC_LITERAL_CONVERSION = YES;
				CLANG_WARN_OBJC_ROOT_CLASS = YES_ERROR;
				CLANG_WARN_RANGE_LOOP_ANALYSIS = YES;
				CLANG_WARN_STRICT_PROTOTYPES = YES;
				CLANG_WARN_SUSPICIOUS_MOVE = YES;
				CLANG_WARN_UNGUARDED_AVAILABILITY = YES_AGGRESSIVE;
				CLANG_WARN_UNREACHABLE_CODE = YES;
				CLANG_WARN__DUPLICATE_METHOD_MATCH = YES;
				CODE_SIGN_IDENTITY = "iPhone Developer";
				COPY_PHASE_STRIP = NO;
				DEBUG_INFORMATION_FORMAT = dwarf;
				ENABLE_STRICT_OBJC_MSGSEND = YES;
				ENABLE_TESTABILITY = YES;
				GCC_C_LANGUAGE_STANDARD = gnu11;
				GCC_DYNAMIC_NO_PIC = NO;
				GCC_NO_COMMON_BLOCKS = YES;
				GCC_OPTIMIZATION_LEVEL = 0;
				GCC_PREPROCESSOR_DEFINITIONS = (
					"DEBUG=1",
					"$(inherited)",
				);
				GCC_WARN_64_TO_32_BIT_CONVERSION = YES;
				GCC_WARN_ABOUT_RETURN_TYPE = YES_ERROR;
				GCC_WARN_UNDECLARED_SELECTOR = YES;
				GCC_WARN_UNINITIALIZED_AUTOS = YES_AGGRESSIVE;
				GCC_WARN_UNUSED_FUNCTION = YES;
				GCC_WARN_UNUSED_VARIABLE = YES;
				IPHONEOS_DEPLOYMENT_TARGET = 11.4;
				MTL_ENABLE_DEBUG_INFO = YES;
				ONLY_ACTIVE_ARCH = YES;
				SDKROOT = iphoneos;
				SWIFT_ACTIVE_COMPILATION_CONDITIONS = DEBUG;
				SWIFT_OPTIMIZATION_LEVEL = "-Onone";
			};
			name = Debug;
		};
		0F23A748213EADE7005FC997 /* Release */ = {
			isa = XCBuildConfiguration;
			buildSettings = {
				ALWAYS_SEARCH_USER_PATHS = NO;
				CLANG_ANALYZER_NONNULL = YES;
				CLANG_ANALYZER_NUMBER_OBJECT_CONVERSION = YES_AGGRESSIVE;
				CLANG_CXX_LANGUAGE_STANDARD = "gnu++14";
				CLANG_CXX_LIBRARY = "libc++";
				CLANG_ENABLE_MODULES = YES;
				CLANG_ENABLE_OBJC_ARC = YES;
				CLANG_ENABLE_OBJC_WEAK = YES;
				CLANG_WARN_BLOCK_CAPTURE_AUTORELEASING = YES;
				CLANG_WARN_BOOL_CONVERSION = YES;
				CLANG_WARN_COMMA = YES;
				CLANG_WARN_CONSTANT_CONVERSION = YES;
				CLANG_WARN_DEPRECATED_OBJC_IMPLEMENTATIONS = YES;
				CLANG_WARN_DIRECT_OBJC_ISA_USAGE = YES_ERROR;
				CLANG_WARN_DOCUMENTATION_COMMENTS = YES;
				CLANG_WARN_EMPTY_BODY = YES;
				CLANG_WARN_ENUM_CONVERSION = YES;
				CLANG_WARN_INFINITE_RECURSION = YES;
				CLANG_WARN_INT_CONVERSION = YES;
				CLANG_WARN_NON_LITERAL_NULL_CONVERSION = YES;
				CLANG_WARN_OBJC_IMPLICIT_RETAIN_SELF = YES;
				CLANG_WARN_OBJC_LITERAL_CONVERSION = YES;
				CLANG_WARN_OBJC_ROOT_CLASS = YES_ERROR;
				CLANG_WARN_RANGE_LOOP_ANALYSIS = YES;
				CLANG_WARN_STRICT_PROTOTYPES = YES;
				CLANG_WARN_SUSPICIOUS_MOVE = YES;
				CLANG_WARN_UNGUARDED_AVAILABILITY = YES_AGGRESSIVE;
				CLANG_WARN_UNREACHABLE_CODE = YES;
				CLANG_WARN__DUPLICATE_METHOD_MATCH = YES;
				CODE_SIGN_IDENTITY = "iPhone Developer";
				COPY_PHASE_STRIP = NO;
				DEBUG_INFORMATION_FORMAT = "dwarf-with-dsym";
				ENABLE_NS_ASSERTIONS = NO;
				ENABLE_STRICT_OBJC_MSGSEND = YES;
				GCC_C_LANGUAGE_STANDARD = gnu11;
				GCC_NO_COMMON_BLOCKS = YES;
				GCC_WARN_64_TO_32_BIT_CONVERSION = YES;
				GCC_WARN_ABOUT_RETURN_TYPE = YES_ERROR;
				GCC_WARN_UNDECLARED_SELECTOR = YES;
				GCC_WARN_UNINITIALIZED_AUTOS = YES_AGGRESSIVE;
				GCC_WARN_UNUSED_FUNCTION = YES;
				GCC_WARN_UNUSED_VARIABLE = YES;
				IPHONEOS_DEPLOYMENT_TARGET = 11.4;
				MTL_ENABLE_DEBUG_INFO = NO;
				SDKROOT = iphoneos;
				SWIFT_COMPILATION_MODE = wholemodule;
				SWIFT_OPTIMIZATION_LEVEL = "-O";
				VALIDATE_PRODUCT = YES;
			};
			name = Release;
		};
		0F23A74A213EADE7005FC997 /* Debug */ = {
			isa = XCBuildConfiguration;
			baseConfigurationReference = E9B449999914F31BE55672E9 /* Pods-projectDataService.debug.xcconfig */;
			buildSettings = {
				ASSETCATALOG_COMPILER_APPICON_NAME = AppIcon;
				CODE_SIGN_STYLE = Automatic;
				DEVELOPMENT_TEAM = TK3WEGDF68;
				INFOPLIST_FILE = projectDataService/Info.plist;
				LD_RUNPATH_SEARCH_PATHS = (
					"$(inherited)",
					"@executable_path/Frameworks",
				);
				PRODUCT_BUNDLE_IDENTIFIER = com.alkrox.projectDataService;
				PRODUCT_NAME = "$(TARGET_NAME)";
				SWIFT_VERSION = 4.0;
				TARGETED_DEVICE_FAMILY = "1,2";
			};
			name = Debug;
		};
		0F23A74B213EADE7005FC997 /* Release */ = {
			isa = XCBuildConfiguration;
			baseConfigurationReference = 40C9FE0A2AD9016C3FE1937A /* Pods-projectDataService.release.xcconfig */;
			buildSettings = {
				ASSETCATALOG_COMPILER_APPICON_NAME = AppIcon;
				CODE_SIGN_STYLE = Automatic;
				DEVELOPMENT_TEAM = TK3WEGDF68;
				INFOPLIST_FILE = projectDataService/Info.plist;
				LD_RUNPATH_SEARCH_PATHS = (
					"$(inherited)",
					"@executable_path/Frameworks",
				);
				PRODUCT_BUNDLE_IDENTIFIER = com.alkrox.projectDataService;
				PRODUCT_NAME = "$(TARGET_NAME)";
				SWIFT_VERSION = 4.0;
				TARGETED_DEVICE_FAMILY = "1,2";
			};
			name = Release;
		};
/* End XCBuildConfiguration section */

/* Begin XCConfigurationList section */
		0F23A732213EADE5005FC997 /* Build configuration list for PBXProject "projectDataService" */ = {
			isa = XCConfigurationList;
			buildConfigurations = (
				0F23A747213EADE7005FC997 /* Debug */,
				0F23A748213EADE7005FC997 /* Release */,
			);
			defaultConfigurationIsVisible = 0;
			defaultConfigurationName = Release;
		};
		0F23A749213EADE7005FC997 /* Build configuration list for PBXNativeTarget "projectDataService" */ = {
			isa = XCConfigurationList;
			buildConfigurations = (
				0F23A74A213EADE7005FC997 /* Debug */,
				0F23A74B213EADE7005FC997 /* Release */,
			);
			defaultConfigurationIsVisible = 0;
			defaultConfigurationName = Release;
		};
/* End XCConfigurationList section */
	};
	rootObject = 0F23A72F213EADE5005FC997 /* Project object */;
}
